
Microsoft Visual Studio Solution File, Format Version 12.00
# Visual Studio Version 17
VisualStudioVersion = 17.6.33815.320
MinimumVisualStudioVersion = 10.0.40219.1
Project("{FAE04EC0-301F-11D3-BF4B-00C04F79EFBC}") = "WpfExercice2_4boutonsCentre", "WpfExercice2_4boutonsCentre\WpfExercice2_4boutonsCentre.csproj", "{887B556E-6A45-4E4A-90D1-22C8B590A248}"
EndProject
Global
	GlobalSection(SolutionConfigurationPlatforms) = preSolution
		Debug|Any CPU = Debug|Any CPU
		Release|Any CPU = Release|Any CPU
	EndGlobalSection
	GlobalSection(ProjectConfigurationPlatforms) = postSolution
		{887B556E-6A45-4E4A-90D1-22C8B590A248}.Debug|Any CPU.ActiveCfg = Debug|Any CPU
		{887B556E-6A45-4E4A-90D1-22C8B590A248}.Debug|Any CPU.Build.0 = Debug|Any CPU
		{887B556E-6A45-4E4A-90D1-22C8B590A248}.Release|Any CPU.ActiveCfg = Release|Any CPU
		{887B556E-6A45-4E4A-90D1-22C8B590A248}.Release|Any CPU.Build.0 = Release|Any CPU
	EndGlobalSection
	GlobalSection(SolutionProperties) = preSolution
		HideSolutionNode = FALSE
	EndGlobalSection
	GlobalSection(ExtensibilityGlobals) = postSolution
		SolutionGuid = {CAC9B803-864A-446F-8F27-5DFABBAF9CD1}
	EndGlobalSection
EndGlobal
